
Microsoft Visual Studio Solution File, Format Version 12.00
# Visual Studio Version 16
VisualStudioVersion = 16.0.29201.188
MinimumVisualStudioVersion = 10.0.40219.1
Project("{FAE04EC0-301F-11D3-BF4B-00C04F79EFBC}") = "Massage", "Massage\Massage.csproj", "{CF571D6F-61E8-4156-96AC-7885152006DC}"
EndProject
Global
	GlobalSection(SolutionConfigurationPlatforms) = preSolution
		Debug|Any CPU = Debug|Any CPU
		Release|Any CPU = Release|Any CPU
	EndGlobalSection
	GlobalSection(ProjectConfigurationPlatforms) = postSolution
		{CF571D6F-61E8-4156-96AC-7885152006DC}.Debug|Any CPU.ActiveCfg = Debug|Any CPU
		{CF571D6F-61E8-4156-96AC-7885152006DC}.Debug|Any CPU.Build.0 = Debug|Any CPU
		{CF571D6F-61E8-4156-96AC-7885152006DC}.Release|Any CPU.ActiveCfg = Release|Any CPU
		{CF571D6F-61E8-4156-96AC-7885152006DC}.Release|Any CPU.Build.0 = Release|Any CPU
	EndGlobalSection
	GlobalSection(SolutionProperties) = preSolution
		HideSolutionNode = FALSE
	EndGlobalSection
	GlobalSection(ExtensibilityGlobals) = postSolution
		SolutionGuid = {0CB2C439-1DA5-4881-A334-59F6D1D6F1DA}
	EndGlobalSection
EndGlobal
